// !$*UTF8*$!
{
	archiveVersion = 1;
	classes = {
	};
	objectVersion = 50;
	objects = {

/* Begin PBXBuildFile section */
		8D22946B2649CB940072BD08 /* LocationPermisionView.swift in Sources */ = {isa = PBXBuildFile; fileRef = 8D22946A2649CB940072BD08 /* LocationPermisionView.swift */; };
		8D2294732649CBD70072BD08 /* LocationPermisonViewModel.swift in Sources */ = {isa = PBXBuildFile; fileRef = 8D2294722649CBD70072BD08 /* LocationPermisonViewModel.swift */; };
		8D2294792649E7A30072BD08 /* StorageController.swift in Sources */ = {isa = PBXBuildFile; fileRef = 8D2294782649E7A20072BD08 /* StorageController.swift */; };
		8D22947E2649EAF80072BD08 /* UserDefaults+Extension.swift in Sources */ = {isa = PBXBuildFile; fileRef = 8D22947D2649EAF70072BD08 /* UserDefaults+Extension.swift */; };
		8D2294832649EB320072BD08 /* UserDefault.swift in Sources */ = {isa = PBXBuildFile; fileRef = 8D2294822649EB320072BD08 /* UserDefault.swift */; };
		8D22948B2649ED3F0072BD08 /* Publisher+sinkToResult.swift in Sources */ = {isa = PBXBuildFile; fileRef = 8D22948A2649ED3F0072BD08 /* Publisher+sinkToResult.swift */; };
		8D2294902649EFB70072BD08 /* Coordinate+distanceFrom.swift in Sources */ = {isa = PBXBuildFile; fileRef = 8D22948F2649EFB70072BD08 /* Coordinate+distanceFrom.swift */; };
		8D229495264AE70E0072BD08 /* Coordinate.swift in Sources */ = {isa = PBXBuildFile; fileRef = 8D229494264AE70E0072BD08 /* Coordinate.swift */; };
		8D2294A3264B0CC60072BD08 /* MapView.swift in Sources */ = {isa = PBXBuildFile; fileRef = 8D2294A2264B0CC60072BD08 /* MapView.swift */; };
		8D2294A8264B0CEF0072BD08 /* CircleImage.swift in Sources */ = {isa = PBXBuildFile; fileRef = 8D2294A7264B0CEF0072BD08 /* CircleImage.swift */; };
		8D2294B5264B0DAD0072BD08 /* VenueDetailView.swift in Sources */ = {isa = PBXBuildFile; fileRef = 8D2294B4264B0DAD0072BD08 /* VenueDetailView.swift */; };
		8D2294C0264B26440072BD08 /* VenueDetailViewModel.swift in Sources */ = {isa = PBXBuildFile; fileRef = 8D2294BF264B26440072BD08 /* VenueDetailViewModel.swift */; };
		8D60219E26415CE6008F7D7A /* NearMeApp.swift in Sources */ = {isa = PBXBuildFile; fileRef = 8D60219D26415CE6008F7D7A /* NearMeApp.swift */; };
		8D6021A026415CE6008F7D7A /* ContentView.swift in Sources */ = {isa = PBXBuildFile; fileRef = 8D60219F26415CE6008F7D7A /* ContentView.swift */; };
		8D6021A226415CEA008F7D7A /* Assets.xcassets in Resources */ = {isa = PBXBuildFile; fileRef = 8D6021A126415CEA008F7D7A /* Assets.xcassets */; };
		8D6021A526415CEA008F7D7A /* Preview Assets.xcassets in Resources */ = {isa = PBXBuildFile; fileRef = 8D6021A426415CEA008F7D7A /* Preview Assets.xcassets */; };
		8D6021B026415CEB008F7D7A /* NearMeTests.swift in Sources */ = {isa = PBXBuildFile; fileRef = 8D6021AF26415CEB008F7D7A /* NearMeTests.swift */; };
		8D6021BB26415CEB008F7D7A /* NearMeUITests.swift in Sources */ = {isa = PBXBuildFile; fileRef = 8D6021BA26415CEB008F7D7A /* NearMeUITests.swift */; };
		8D70B637264B36800056D436 /* ImageLoader.swift in Sources */ = {isa = PBXBuildFile; fileRef = 8D70B636264B36800056D436 /* ImageLoader.swift */; };
		8D70B63C264B36D60056D436 /* AsyncImage.swift in Sources */ = {isa = PBXBuildFile; fileRef = 8D70B63B264B36D60056D436 /* AsyncImage.swift */; };
		8DCF90EC2643073200B20412 /* Endpoint.swift in Sources */ = {isa = PBXBuildFile; fileRef = 8DCF90EB2643073200B20412 /* Endpoint.swift */; };
		8DCF90F4264307D200B20412 /* Endpoint+URL.swift in Sources */ = {isa = PBXBuildFile; fileRef = 8DCF90F3264307D200B20412 /* Endpoint+URL.swift */; };
		8DCF90F926430A3000B20412 /* NetworkController.swift in Sources */ = {isa = PBXBuildFile; fileRef = 8DCF90F826430A3000B20412 /* NetworkController.swift */; };
		8DCF90FE26430A8700B20412 /* NetworkControllerImpl.swift in Sources */ = {isa = PBXBuildFile; fileRef = 8DCF90FD26430A8700B20412 /* NetworkControllerImpl.swift */; };
		8DCF91092643146E00B20412 /* Venue.swift in Sources */ = {isa = PBXBuildFile; fileRef = 8DCF91082643146E00B20412 /* Venue.swift */; };
		8DCF91112643156B00B20412 /* NetworkVenueService.swift in Sources */ = {isa = PBXBuildFile; fileRef = 8DCF91102643156B00B20412 /* NetworkVenueService.swift */; };
		8DCF911C26431ED000B20412 /* VenueService.swift in Sources */ = {isa = PBXBuildFile; fileRef = 8DCF911B26431ED000B20412 /* VenueService.swift */; };
		8DCF91212643216100B20412 /* NetworkResponse.swift in Sources */ = {isa = PBXBuildFile; fileRef = 8DCF91202643216100B20412 /* NetworkResponse.swift */; };
		8DCF9127264405AA00B20412 /* Bool+Extension.swift in Sources */ = {isa = PBXBuildFile; fileRef = 8DCF9126264405AA00B20412 /* Bool+Extension.swift */; };
		8DCF91362644075A00B20412 /* NetworkError.swift in Sources */ = {isa = PBXBuildFile; fileRef = 8DCF91352644075A00B20412 /* NetworkError.swift */; };
		8DCF913B26440A0C00B20412 /* Location.swift in Sources */ = {isa = PBXBuildFile; fileRef = 8DCF913A26440A0C00B20412 /* Location.swift */; };
		8DCF914226440C1C00B20412 /* Location+Extension.swift in Sources */ = {isa = PBXBuildFile; fileRef = 8DCF914126440C1C00B20412 /* Location+Extension.swift */; };
		8DCF914B26440DDA00B20412 /* VenuesListView.swift in Sources */ = {isa = PBXBuildFile; fileRef = 8DCF914A26440DDA00B20412 /* VenuesListView.swift */; };
		8DCF915126440DF900B20412 /* VenuesListViewModel.swift in Sources */ = {isa = PBXBuildFile; fileRef = 8DCF915026440DF900B20412 /* VenuesListViewModel.swift */; };
		8DCF915E26445D3E00B20412 /* VenueRow.swift in Sources */ = {isa = PBXBuildFile; fileRef = 8DCF915D26445D3D00B20412 /* VenueRow.swift */; };
		8DCF916626446F4600B20412 /* LocationFetcher.swift in Sources */ = {isa = PBXBuildFile; fileRef = 8DCF916526446F4500B20412 /* LocationFetcher.swift */; };
/* End PBXBuildFile section */

/* Begin PBXContainerItemProxy section */
		8D6021AC26415CEB008F7D7A /* PBXContainerItemProxy */ = {
			isa = PBXContainerItemProxy;
			containerPortal = 8D60219226415CE6008F7D7A /* Project object */;
			proxyType = 1;
			remoteGlobalIDString = 8D60219926415CE6008F7D7A;
			remoteInfo = NearMe;
		};
		8D6021B726415CEB008F7D7A /* PBXContainerItemProxy */ = {
			isa = PBXContainerItemProxy;
			containerPortal = 8D60219226415CE6008F7D7A /* Project object */;
			proxyType = 1;
			remoteGlobalIDString = 8D60219926415CE6008F7D7A;
			remoteInfo = NearMe;
		};
/* End PBXContainerItemProxy section */

/* Begin PBXFileReference section */
		8D22946A2649CB940072BD08 /* LocationPermisionView.swift */ = {isa = PBXFileReference; lastKnownFileType = sourcecode.swift; path = LocationPermisionView.swift; sourceTree = "<group>"; };
		8D2294722649CBD70072BD08 /* LocationPermisonViewModel.swift */ = {isa = PBXFileReference; lastKnownFileType = sourcecode.swift; path = LocationPermisonViewModel.swift; sourceTree = "<group>"; };
		8D2294782649E7A20072BD08 /* StorageController.swift */ = {isa = PBXFileReference; lastKnownFileType = sourcecode.swift; path = StorageController.swift; sourceTree = "<group>"; };
		8D22947D2649EAF70072BD08 /* UserDefaults+Extension.swift */ = {isa = PBXFileReference; lastKnownFileType = sourcecode.swift; path = "UserDefaults+Extension.swift"; sourceTree = "<group>"; };
		8D2294822649EB320072BD08 /* UserDefault.swift */ = {isa = PBXFileReference; lastKnownFileType = sourcecode.swift; path = UserDefault.swift; sourceTree = "<group>"; };
		8D22948A2649ED3F0072BD08 /* Publisher+sinkToResult.swift */ = {isa = PBXFileReference; lastKnownFileType = sourcecode.swift; path = "Publisher+sinkToResult.swift"; sourceTree = "<group>"; };
		8D22948F2649EFB70072BD08 /* Coordinate+distanceFrom.swift */ = {isa = PBXFileReference; lastKnownFileType = sourcecode.swift; path = "Coordinate+distanceFrom.swift"; sourceTree = "<group>"; };
		8D229494264AE70E0072BD08 /* Coordinate.swift */ = {isa = PBXFileReference; lastKnownFileType = sourcecode.swift; path = Coordinate.swift; sourceTree = "<group>"; };
		8D2294A2264B0CC60072BD08 /* MapView.swift */ = {isa = PBXFileReference; lastKnownFileType = sourcecode.swift; path = MapView.swift; sourceTree = "<group>"; };
		8D2294A7264B0CEF0072BD08 /* CircleImage.swift */ = {isa = PBXFileReference; lastKnownFileType = sourcecode.swift; path = CircleImage.swift; sourceTree = "<group>"; };
		8D2294B4264B0DAD0072BD08 /* VenueDetailView.swift */ = {isa = PBXFileReference; lastKnownFileType = sourcecode.swift; path = VenueDetailView.swift; sourceTree = "<group>"; };
		8D2294BF264B26440072BD08 /* VenueDetailViewModel.swift */ = {isa = PBXFileReference; lastKnownFileType = sourcecode.swift; path = VenueDetailViewModel.swift; sourceTree = "<group>"; };
		8D60219A26415CE6008F7D7A /* NearMe.app */ = {isa = PBXFileReference; explicitFileType = wrapper.application; includeInIndex = 0; path = NearMe.app; sourceTree = BUILT_PRODUCTS_DIR; };
		8D60219D26415CE6008F7D7A /* NearMeApp.swift */ = {isa = PBXFileReference; lastKnownFileType = sourcecode.swift; path = NearMeApp.swift; sourceTree = "<group>"; };
		8D60219F26415CE6008F7D7A /* ContentView.swift */ = {isa = PBXFileReference; lastKnownFileType = sourcecode.swift; path = ContentView.swift; sourceTree = "<group>"; };
		8D6021A126415CEA008F7D7A /* Assets.xcassets */ = {isa = PBXFileReference; lastKnownFileType = folder.assetcatalog; path = Assets.xcassets; sourceTree = "<group>"; };
		8D6021A426415CEA008F7D7A /* Preview Assets.xcassets */ = {isa = PBXFileReference; lastKnownFileType = folder.assetcatalog; path = "Preview Assets.xcassets"; sourceTree = "<group>"; };
		8D6021A626415CEA008F7D7A /* Info.plist */ = {isa = PBXFileReference; lastKnownFileType = text.plist.xml; path = Info.plist; sourceTree = "<group>"; };
		8D6021AB26415CEB008F7D7A /* NearMeTests.xctest */ = {isa = PBXFileReference; explicitFileType = wrapper.cfbundle; includeInIndex = 0; path = NearMeTests.xctest; sourceTree = BUILT_PRODUCTS_DIR; };
		8D6021AF26415CEB008F7D7A /* NearMeTests.swift */ = {isa = PBXFileReference; lastKnownFileType = sourcecode.swift; path = NearMeTests.swift; sourceTree = "<group>"; };
		8D6021B126415CEB008F7D7A /* Info.plist */ = {isa = PBXFileReference; lastKnownFileType = text.plist.xml; path = Info.plist; sourceTree = "<group>"; };
		8D6021B626415CEB008F7D7A /* NearMeUITests.xctest */ = {isa = PBXFileReference; explicitFileType = wrapper.cfbundle; includeInIndex = 0; path = NearMeUITests.xctest; sourceTree = BUILT_PRODUCTS_DIR; };
		8D6021BA26415CEB008F7D7A /* NearMeUITests.swift */ = {isa = PBXFileReference; lastKnownFileType = sourcecode.swift; path = NearMeUITests.swift; sourceTree = "<group>"; };
		8D6021BC26415CEB008F7D7A /* Info.plist */ = {isa = PBXFileReference; lastKnownFileType = text.plist.xml; path = Info.plist; sourceTree = "<group>"; };
		8D70B636264B36800056D436 /* ImageLoader.swift */ = {isa = PBXFileReference; lastKnownFileType = sourcecode.swift; path = ImageLoader.swift; sourceTree = "<group>"; };
		8D70B63B264B36D60056D436 /* AsyncImage.swift */ = {isa = PBXFileReference; lastKnownFileType = sourcecode.swift; path = AsyncImage.swift; sourceTree = "<group>"; };
		8DCF90EB2643073200B20412 /* Endpoint.swift */ = {isa = PBXFileReference; lastKnownFileType = sourcecode.swift; path = Endpoint.swift; sourceTree = "<group>"; };
		8DCF90F3264307D200B20412 /* Endpoint+URL.swift */ = {isa = PBXFileReference; lastKnownFileType = sourcecode.swift; path = "Endpoint+URL.swift"; sourceTree = "<group>"; };
		8DCF90F826430A3000B20412 /* NetworkController.swift */ = {isa = PBXFileReference; lastKnownFileType = sourcecode.swift; path = NetworkController.swift; sourceTree = "<group>"; };
		8DCF90FD26430A8700B20412 /* NetworkControllerImpl.swift */ = {isa = PBXFileReference; lastKnownFileType = sourcecode.swift; path = NetworkControllerImpl.swift; sourceTree = "<group>"; };
		8DCF91082643146E00B20412 /* Venue.swift */ = {isa = PBXFileReference; lastKnownFileType = sourcecode.swift; path = Venue.swift; sourceTree = "<group>"; };
		8DCF91102643156B00B20412 /* NetworkVenueService.swift */ = {isa = PBXFileReference; lastKnownFileType = sourcecode.swift; path = NetworkVenueService.swift; sourceTree = "<group>"; };
		8DCF911B26431ED000B20412 /* VenueService.swift */ = {isa = PBXFileReference; lastKnownFileType = sourcecode.swift; path = VenueService.swift; sourceTree = "<group>"; };
		8DCF91202643216100B20412 /* NetworkResponse.swift */ = {isa = PBXFileReference; lastKnownFileType = sourcecode.swift; path = NetworkResponse.swift; sourceTree = "<group>"; };
		8DCF9126264405AA00B20412 /* Bool+Extension.swift */ = {isa = PBXFileReference; lastKnownFileType = sourcecode.swift; path = "Bool+Extension.swift"; sourceTree = "<group>"; };
		8DCF91352644075A00B20412 /* NetworkError.swift */ = {isa = PBXFileReference; lastKnownFileType = sourcecode.swift; path = NetworkError.swift; sourceTree = "<group>"; };
		8DCF913A26440A0C00B20412 /* Location.swift */ = {isa = PBXFileReference; lastKnownFileType = sourcecode.swift; path = Location.swift; sourceTree = "<group>"; };
		8DCF914126440C1C00B20412 /* Location+Extension.swift */ = {isa = PBXFileReference; lastKnownFileType = sourcecode.swift; path = "Location+Extension.swift"; sourceTree = "<group>"; };
		8DCF914A26440DDA00B20412 /* VenuesListView.swift */ = {isa = PBXFileReference; lastKnownFileType = sourcecode.swift; path = VenuesListView.swift; sourceTree = "<group>"; };
		8DCF915026440DF900B20412 /* VenuesListViewModel.swift */ = {isa = PBXFileReference; lastKnownFileType = sourcecode.swift; path = VenuesListViewModel.swift; sourceTree = "<group>"; };
		8DCF915D26445D3D00B20412 /* VenueRow.swift */ = {isa = PBXFileReference; lastKnownFileType = sourcecode.swift; path = VenueRow.swift; sourceTree = "<group>"; };
		8DCF916526446F4500B20412 /* LocationFetcher.swift */ = {isa = PBXFileReference; lastKnownFileType = sourcecode.swift; path = LocationFetcher.swift; sourceTree = "<group>"; };
/* End PBXFileReference section */

/* Begin PBXFrameworksBuildPhase section */
		8D60219726415CE6008F7D7A /* Frameworks */ = {
			isa = PBXFrameworksBuildPhase;
			buildActionMask = 2147483647;
			files = (
			);
			runOnlyForDeploymentPostprocessing = 0;
		};
		8D6021A826415CEB008F7D7A /* Frameworks */ = {
			isa = PBXFrameworksBuildPhase;
			buildActionMask = 2147483647;
			files = (
			);
			runOnlyForDeploymentPostprocessing = 0;
		};
		8D6021B326415CEB008F7D7A /* Frameworks */ = {
			isa = PBXFrameworksBuildPhase;
			buildActionMask = 2147483647;
			files = (
			);
			runOnlyForDeploymentPostprocessing = 0;
		};
/* End PBXFrameworksBuildPhase section */

/* Begin PBXGroup section */
		8D2294692649CB790072BD08 /* LocationPermisonView */ = {
			isa = PBXGroup;
			children = (
				8D22946A2649CB940072BD08 /* LocationPermisionView.swift */,
				8D2294722649CBD70072BD08 /* LocationPermisonViewModel.swift */,
			);
			path = LocationPermisonView;
			sourceTree = "<group>";
		};
		8D2294772649E7630072BD08 /* Persistence */ = {
			isa = PBXGroup;
			children = (
				8D2294782649E7A20072BD08 /* StorageController.swift */,
			);
			path = Persistence;
			sourceTree = "<group>";
		};
		8D2294A0264B0C380072BD08 /* VenueDetail */ = {
			isa = PBXGroup;
			children = (
				8D2294B4264B0DAD0072BD08 /* VenueDetailView.swift */,
				8D2294BF264B26440072BD08 /* VenueDetailViewModel.swift */,
			);
			path = VenueDetail;
			sourceTree = "<group>";
		};
		8D2294A1264B0CA30072BD08 /* View */ = {
			isa = PBXGroup;
			children = (
				8D70B63B264B36D60056D436 /* AsyncImage.swift */,
				8D2294A2264B0CC60072BD08 /* MapView.swift */,
				8D2294A7264B0CEF0072BD08 /* CircleImage.swift */,
			);
			path = View;
			sourceTree = "<group>";
		};
		8D60219126415CE6008F7D7A = {
			isa = PBXGroup;
			children = (
				8D60219C26415CE6008F7D7A /* NearMe */,
				8D6021AE26415CEB008F7D7A /* NearMeTests */,
				8D6021B926415CEB008F7D7A /* NearMeUITests */,
				8D60219B26415CE6008F7D7A /* Products */,
			);
			sourceTree = "<group>";
		};
		8D60219B26415CE6008F7D7A /* Products */ = {
			isa = PBXGroup;
			children = (
				8D60219A26415CE6008F7D7A /* NearMe.app */,
				8D6021AB26415CEB008F7D7A /* NearMeTests.xctest */,
				8D6021B626415CEB008F7D7A /* NearMeUITests.xctest */,
			);
			name = Products;
			sourceTree = "<group>";
		};
		8D60219C26415CE6008F7D7A /* NearMe */ = {
			isa = PBXGroup;
			children = (
				8D2294A1264B0CA30072BD08 /* View */,
				8D2294772649E7630072BD08 /* Persistence */,
				8DCF914926440D9C00B20412 /* Scene */,
				8DCF9107264313CD00B20412 /* Model */,
				8DCF90EA2643068700B20412 /* Networking */,
				8D60219D26415CE6008F7D7A /* NearMeApp.swift */,
				8D60219F26415CE6008F7D7A /* ContentView.swift */,
				8DCF91252644058700B20412 /* Utils */,
				8D6021A126415CEA008F7D7A /* Assets.xcassets */,
				8D6021A626415CEA008F7D7A /* Info.plist */,
				8D6021A326415CEA008F7D7A /* Preview Content */,
			);
			path = NearMe;
			sourceTree = "<group>";
		};
		8D6021A326415CEA008F7D7A /* Preview Content */ = {
			isa = PBXGroup;
			children = (
				8D6021A426415CEA008F7D7A /* Preview Assets.xcassets */,
			);
			path = "Preview Content";
			sourceTree = "<group>";
		};
		8D6021AE26415CEB008F7D7A /* NearMeTests */ = {
			isa = PBXGroup;
			children = (
				8D6021AF26415CEB008F7D7A /* NearMeTests.swift */,
				8D6021B126415CEB008F7D7A /* Info.plist */,
			);
			path = NearMeTests;
			sourceTree = "<group>";
		};
		8D6021B926415CEB008F7D7A /* NearMeUITests */ = {
			isa = PBXGroup;
			children = (
				8D6021BA26415CEB008F7D7A /* NearMeUITests.swift */,
				8D6021BC26415CEB008F7D7A /* Info.plist */,
			);
			path = NearMeUITests;
			sourceTree = "<group>";
		};
		8DCF90EA2643068700B20412 /* Networking */ = {
			isa = PBXGroup;
			children = (
				8DCF91312644060600B20412 /* Service */,
				8DCF9130264405ED00B20412 /* NetworkController */,
				8DCF912F264405E300B20412 /* Endpoint */,
			);
			path = Networking;
			sourceTree = "<group>";
		};
		8DCF9107264313CD00B20412 /* Model */ = {
			isa = PBXGroup;
			children = (
				8DCF912E264405BA00B20412 /* BaseModels */,
				8DCF91082643146E00B20412 /* Venue.swift */,
				8DCF913A26440A0C00B20412 /* Location.swift */,
				8D229494264AE70E0072BD08 /* Coordinate.swift */,
			);
			path = Model;
			sourceTree = "<group>";
		};
		8DCF91252644058700B20412 /* Utils */ = {
			isa = PBXGroup;
			children = (
				8DCF913F26440BF100B20412 /* Extensions */,
				8DCF916526446F4500B20412 /* LocationFetcher.swift */,
				8D2294822649EB320072BD08 /* UserDefault.swift */,
				8D70B636264B36800056D436 /* ImageLoader.swift */,
			);
			path = Utils;
			sourceTree = "<group>";
		};
		8DCF912E264405BA00B20412 /* BaseModels */ = {
			isa = PBXGroup;
			children = (
				8DCF91202643216100B20412 /* NetworkResponse.swift */,
				8DCF91352644075A00B20412 /* NetworkError.swift */,
			);
			path = BaseModels;
			sourceTree = "<group>";
		};
		8DCF912F264405E300B20412 /* Endpoint */ = {
			isa = PBXGroup;
			children = (
				8DCF90EB2643073200B20412 /* Endpoint.swift */,
				8DCF90F3264307D200B20412 /* Endpoint+URL.swift */,
			);
			path = Endpoint;
			sourceTree = "<group>";
		};
		8DCF9130264405ED00B20412 /* NetworkController */ = {
			isa = PBXGroup;
			children = (
				8DCF90F826430A3000B20412 /* NetworkController.swift */,
				8DCF90FD26430A8700B20412 /* NetworkControllerImpl.swift */,
			);
			path = NetworkController;
			sourceTree = "<group>";
		};
		8DCF91312644060600B20412 /* Service */ = {
			isa = PBXGroup;
			children = (
				8DCF911B26431ED000B20412 /* VenueService.swift */,
				8DCF91102643156B00B20412 /* NetworkVenueService.swift */,
			);
			path = Service;
			sourceTree = "<group>";
		};
		8DCF913F26440BF100B20412 /* Extensions */ = {
			isa = PBXGroup;
			children = (
				8DCF9126264405AA00B20412 /* Bool+Extension.swift */,
				8DCF914126440C1C00B20412 /* Location+Extension.swift */,
				8D22947D2649EAF70072BD08 /* UserDefaults+Extension.swift */,
				8D22948A2649ED3F0072BD08 /* Publisher+sinkToResult.swift */,
				8D22948F2649EFB70072BD08 /* Coordinate+distanceFrom.swift */,
			);
			path = Extensions;
			sourceTree = "<group>";
		};
		8DCF914926440D9C00B20412 /* Scene */ = {
			isa = PBXGroup;
			children = (
				8D2294A0264B0C380072BD08 /* VenueDetail */,
				8D2294692649CB790072BD08 /* LocationPermisonView */,
				8DCF914F26440DE500B20412 /* VenuesList */,
			);
			path = Scene;
			sourceTree = "<group>";
		};
		8DCF914F26440DE500B20412 /* VenuesList */ = {
			isa = PBXGroup;
			children = (
				8DCF914A26440DDA00B20412 /* VenuesListView.swift */,
				8DCF915026440DF900B20412 /* VenuesListViewModel.swift */,
				8DCF915D26445D3D00B20412 /* VenueRow.swift */,
			);
			path = VenuesList;
			sourceTree = "<group>";
		};
/* End PBXGroup section */

/* Begin PBXNativeTarget section */
		8D60219926415CE6008F7D7A /* NearMe */ = {
			isa = PBXNativeTarget;
			buildConfigurationList = 8D6021BF26415CEB008F7D7A /* Build configuration list for PBXNativeTarget "NearMe" */;
			buildPhases = (
				8D60219626415CE6008F7D7A /* Sources */,
				8D60219726415CE6008F7D7A /* Frameworks */,
				8D60219826415CE6008F7D7A /* Resources */,
			);
			buildRules = (
			);
			dependencies = (
			);
			name = NearMe;
			productName = NearMe;
			productReference = 8D60219A26415CE6008F7D7A /* NearMe.app */;
			productType = "com.apple.product-type.application";
		};
		8D6021AA26415CEB008F7D7A /* NearMeTests */ = {
			isa = PBXNativeTarget;
			buildConfigurationList = 8D6021C226415CEB008F7D7A /* Build configuration list for PBXNativeTarget "NearMeTests" */;
			buildPhases = (
				8D6021A726415CEB008F7D7A /* Sources */,
				8D6021A826415CEB008F7D7A /* Frameworks */,
				8D6021A926415CEB008F7D7A /* Resources */,
			);
			buildRules = (
			);
			dependencies = (
				8D6021AD26415CEB008F7D7A /* PBXTargetDependency */,
			);
			name = NearMeTests;
			productName = NearMeTests;
			productReference = 8D6021AB26415CEB008F7D7A /* NearMeTests.xctest */;
			productType = "com.apple.product-type.bundle.unit-test";
		};
		8D6021B526415CEB008F7D7A /* NearMeUITests */ = {
			isa = PBXNativeTarget;
			buildConfigurationList = 8D6021C526415CEB008F7D7A /* Build configuration list for PBXNativeTarget "NearMeUITests" */;
			buildPhases = (
				8D6021B226415CEB008F7D7A /* Sources */,
				8D6021B326415CEB008F7D7A /* Frameworks */,
				8D6021B426415CEB008F7D7A /* Resources */,
			);
			buildRules = (
			);
			dependencies = (
				8D6021B826415CEB008F7D7A /* PBXTargetDependency */,
			);
			name = NearMeUITests;
			productName = NearMeUITests;
			productReference = 8D6021B626415CEB008F7D7A /* NearMeUITests.xctest */;
			productType = "com.apple.product-type.bundle.ui-testing";
		};
/* End PBXNativeTarget section */

/* Begin PBXProject section */
		8D60219226415CE6008F7D7A /* Project object */ = {
			isa = PBXProject;
			attributes = {
				LastSwiftUpdateCheck = 1240;
				LastUpgradeCheck = 1240;
				TargetAttributes = {
					8D60219926415CE6008F7D7A = {
						CreatedOnToolsVersion = 12.4;
					};
					8D6021AA26415CEB008F7D7A = {
						CreatedOnToolsVersion = 12.4;
						TestTargetID = 8D60219926415CE6008F7D7A;
					};
					8D6021B526415CEB008F7D7A = {
						CreatedOnToolsVersion = 12.4;
						TestTargetID = 8D60219926415CE6008F7D7A;
					};
				};
			};
			buildConfigurationList = 8D60219526415CE6008F7D7A /* Build configuration list for PBXProject "NearMe" */;
			compatibilityVersion = "Xcode 9.3";
			developmentRegion = en;
			hasScannedForEncodings = 0;
			knownRegions = (
				en,
				Base,
			);
			mainGroup = 8D60219126415CE6008F7D7A;
			productRefGroup = 8D60219B26415CE6008F7D7A /* Products */;
			projectDirPath = "";
			projectRoot = "";
			targets = (
				8D60219926415CE6008F7D7A /* NearMe */,
				8D6021AA26415CEB008F7D7A /* NearMeTests */,
				8D6021B526415CEB008F7D7A /* NearMeUITests */,
			);
		};
/* End PBXProject section */

/* Begin PBXResourcesBuildPhase section */
		8D60219826415CE6008F7D7A /* Resources */ = {
			isa = PBXResourcesBuildPhase;
			buildActionMask = 2147483647;
			files = (
				8D6021A526415CEA008F7D7A /* Preview Assets.xcassets in Resources */,
				8D6021A226415CEA008F7D7A /* Assets.xcassets in Resources */,
			);
			runOnlyForDeploymentPostprocessing = 0;
		};
		8D6021A926415CEB008F7D7A /* Resources */ = {
			isa = PBXResourcesBuildPhase;
			buildActionMask = 2147483647;
			files = (
			);
			runOnlyForDeploymentPostprocessing = 0;
		};
		8D6021B426415CEB008F7D7A /* Resources */ = {
			isa = PBXResourcesBuildPhase;
			buildActionMask = 2147483647;
			files = (
			);
			runOnlyForDeploymentPostprocessing = 0;
		};
/* End PBXResourcesBuildPhase section */

/* Begin PBXSourcesBuildPhase section */
		8D60219626415CE6008F7D7A /* Sources */ = {
			isa = PBXSourcesBuildPhase;
			buildActionMask = 2147483647;
			files = (
				8DCF911C26431ED000B20412 /* VenueService.swift in Sources */,
				8DCF9127264405AA00B20412 /* Bool+Extension.swift in Sources */,
				8DCF915126440DF900B20412 /* VenuesListViewModel.swift in Sources */,
				8D2294832649EB320072BD08 /* UserDefault.swift in Sources */,
				8DCF91112643156B00B20412 /* NetworkVenueService.swift in Sources */,
				8D2294732649CBD70072BD08 /* LocationPermisonViewModel.swift in Sources */,
				8D2294792649E7A30072BD08 /* StorageController.swift in Sources */,
				8D2294A3264B0CC60072BD08 /* MapView.swift in Sources */,
				8D22947E2649EAF80072BD08 /* UserDefaults+Extension.swift in Sources */,
				8D2294902649EFB70072BD08 /* Coordinate+distanceFrom.swift in Sources */,
				8D229495264AE70E0072BD08 /* Coordinate.swift in Sources */,
				8DCF90F4264307D200B20412 /* Endpoint+URL.swift in Sources */,
				8D70B63C264B36D60056D436 /* AsyncImage.swift in Sources */,
				8DCF915E26445D3E00B20412 /* VenueRow.swift in Sources */,
				8DCF914B26440DDA00B20412 /* VenuesListView.swift in Sources */,
				8DCF91212643216100B20412 /* NetworkResponse.swift in Sources */,
				8DCF916626446F4600B20412 /* LocationFetcher.swift in Sources */,
				8D2294C0264B26440072BD08 /* VenueDetailViewModel.swift in Sources */,
				8DCF91092643146E00B20412 /* Venue.swift in Sources */,
				8D2294B5264B0DAD0072BD08 /* VenueDetailView.swift in Sources */,
				8D2294A8264B0CEF0072BD08 /* CircleImage.swift in Sources */,
				8DCF913B26440A0C00B20412 /* Location.swift in Sources */,
				8D22948B2649ED3F0072BD08 /* Publisher+sinkToResult.swift in Sources */,
				8D6021A026415CE6008F7D7A /* ContentView.swift in Sources */,
				8DCF90FE26430A8700B20412 /* NetworkControllerImpl.swift in Sources */,
				8DCF90EC2643073200B20412 /* Endpoint.swift in Sources */,
				8DCF914226440C1C00B20412 /* Location+Extension.swift in Sources */,
				8DCF91362644075A00B20412 /* NetworkError.swift in Sources */,
				8D70B637264B36800056D436 /* ImageLoader.swift in Sources */,
				8D22946B2649CB940072BD08 /* LocationPermisionView.swift in Sources */,
				8D60219E26415CE6008F7D7A /* NearMeApp.swift in Sources */,
				8DCF90F926430A3000B20412 /* NetworkController.swift in Sources */,
			);
			runOnlyForDeploymentPostprocessing = 0;
		};
		8D6021A726415CEB008F7D7A /* Sources */ = {
			isa = PBXSourcesBuildPhase;
			buildActionMask = 2147483647;
			files = (
				8D6021B026415CEB008F7D7A /* NearMeTests.swift in Sources */,
			);
			runOnlyForDeploymentPostprocessing = 0;
		};
		8D6021B226415CEB008F7D7A /* Sources */ = {
			isa = PBXSourcesBuildPhase;
			buildActionMask = 2147483647;
			files = (
				8D6021BB26415CEB008F7D7A /* NearMeUITests.swift in Sources */,
			);
			runOnlyForDeploymentPostprocessing = 0;
		};
/* End PBXSourcesBuildPhase section */

/* Begin PBXTargetDependency section */
		8D6021AD26415CEB008F7D7A /* PBXTargetDependency */ = {
			isa = PBXTargetDependency;
			target = 8D60219926415CE6008F7D7A /* NearMe */;
			targetProxy = 8D6021AC26415CEB008F7D7A /* PBXContainerItemProxy */;
		};
		8D6021B826415CEB008F7D7A /* PBXTargetDependency */ = {
			isa = PBXTargetDependency;
			target = 8D60219926415CE6008F7D7A /* NearMe */;
			targetProxy = 8D6021B726415CEB008F7D7A /* PBXContainerItemProxy */;
		};
/* End PBXTargetDependency section */

/* Begin XCBuildConfiguration section */
		8D6021BD26415CEB008F7D7A /* Debug */ = {
			isa = XCBuildConfiguration;
			buildSettings = {
				ALWAYS_SEARCH_USER_PATHS = NO;
				CLANG_ANALYZER_NONNULL = YES;
				CLANG_ANALYZER_NUMBER_OBJECT_CONVERSION = YES_AGGRESSIVE;
				CLANG_CXX_LANGUAGE_STANDARD = "gnu++14";
				CLANG_CXX_LIBRARY = "libc++";
				CLANG_ENABLE_MODULES = YES;
				CLANG_ENABLE_OBJC_ARC = YES;
				CLANG_ENABLE_OBJC_WEAK = YES;
				CLANG_WARN_BLOCK_CAPTURE_AUTORELEASING = YES;
				CLANG_WARN_BOOL_CONVERSION = YES;
				CLANG_WARN_COMMA = YES;
				CLANG_WARN_CONSTANT_CONVERSION = YES;
				CLANG_WARN_DEPRECATED_OBJC_IMPLEMENTATIONS = YES;
				CLANG_WARN_DIRECT_OBJC_ISA_USAGE = YES_ERROR;
				CLANG_WARN_DOCUMENTATION_COMMENTS = YES;
				CLANG_WARN_EMPTY_BODY = YES;
				CLANG_WARN_ENUM_CONVERSION = YES;
				CLANG_WARN_INFINITE_RECURSION = YES;
				CLANG_WARN_INT_CONVERSION = YES;
				CLANG_WARN_NON_LITERAL_NULL_CONVERSION = YES;
				CLANG_WARN_OBJC_IMPLICIT_RETAIN_SELF = YES;
				CLANG_WARN_OBJC_LITERAL_CONVERSION = YES;
				CLANG_WARN_OBJC_ROOT_CLASS = YES_ERROR;
				CLANG_WARN_QUOTED_INCLUDE_IN_FRAMEWORK_HEADER = YES;
				CLANG_WARN_RANGE_LOOP_ANALYSIS = YES;
				CLANG_WARN_STRICT_PROTOTYPES = YES;
				CLANG_WARN_SUSPICIOUS_MOVE = YES;
				CLANG_WARN_UNGUARDED_AVAILABILITY = YES_AGGRESSIVE;
				CLANG_WARN_UNREACHABLE_CODE = YES;
				CLANG_WARN__DUPLICATE_METHOD_MATCH = YES;
				COPY_PHASE_STRIP = NO;
				DEBUG_INFORMATION_FORMAT = dwarf;
				ENABLE_STRICT_OBJC_MSGSEND = YES;
				ENABLE_TESTABILITY = YES;
				GCC_C_LANGUAGE_STANDARD = gnu11;
				GCC_DYNAMIC_NO_PIC = NO;
				GCC_NO_COMMON_BLOCKS = YES;
				GCC_OPTIMIZATION_LEVEL = 0;
				GCC_PREPROCESSOR_DEFINITIONS = (
					"DEBUG=1",
					"$(inherited)",
				);
				GCC_WARN_64_TO_32_BIT_CONVERSION = YES;
				GCC_WARN_ABOUT_RETURN_TYPE = YES_ERROR;
				GCC_WARN_UNDECLARED_SELECTOR = YES;
				GCC_WARN_UNINITIALIZED_AUTOS = YES_AGGRESSIVE;
				GCC_WARN_UNUSED_FUNCTION = YES;
				GCC_WARN_UNUSED_VARIABLE = YES;
				IPHONEOS_DEPLOYMENT_TARGET = 14.4;
				MTL_ENABLE_DEBUG_INFO = INCLUDE_SOURCE;
				MTL_FAST_MATH = YES;
				ONLY_ACTIVE_ARCH = YES;
				SDKROOT = iphoneos;
				SWIFT_ACTIVE_COMPILATION_CONDITIONS = DEBUG;
				SWIFT_OPTIMIZATION_LEVEL = "-Onone";
			};
			name = Debug;
		};
		8D6021BE26415CEB008F7D7A /* Release */ = {
			isa = XCBuildConfiguration;
			buildSettings = {
				ALWAYS_SEARCH_USER_PATHS = NO;
				CLANG_ANALYZER_NONNULL = YES;
				CLANG_ANALYZER_NUMBER_OBJECT_CONVERSION = YES_AGGRESSIVE;
				CLANG_CXX_LANGUAGE_STANDARD = "gnu++14";
				CLANG_CXX_LIBRARY = "libc++";
				CLANG_ENABLE_MODULES = YES;
				CLANG_ENABLE_OBJC_ARC = YES;
				CLANG_ENABLE_OBJC_WEAK = YES;
				CLANG_WARN_BLOCK_CAPTURE_AUTORELEASING = YES;
				CLANG_WARN_BOOL_CONVERSION = YES;
				CLANG_WARN_COMMA = YES;
				CLANG_WARN_CONSTANT_CONVERSION = YES;
				CLANG_WARN_DEPRECATED_OBJC_IMPLEMENTATIONS = YES;
				CLANG_WARN_DIRECT_OBJC_ISA_USAGE = YES_ERROR;
				CLANG_WARN_DOCUMENTATION_COMMENTS = YES;
				CLANG_WARN_EMPTY_BODY = YES;
				CLANG_WARN_ENUM_CONVERSION = YES;
				CLANG_WARN_INFINITE_RECURSION = YES;
				CLANG_WARN_INT_CONVERSION = YES;
				CLANG_WARN_NON_LITERAL_NULL_CONVERSION = YES;
				CLANG_WARN_OBJC_IMPLICIT_RETAIN_SELF = YES;
				CLANG_WARN_OBJC_LITERAL_CONVERSION = YES;
				CLANG_WARN_OBJC_ROOT_CLASS = YES_ERROR;
				CLANG_WARN_QUOTED_INCLUDE_IN_FRAMEWORK_HEADER = YES;
				CLANG_WARN_RANGE_LOOP_ANALYSIS = YES;
				CLANG_WARN_STRICT_PROTOTYPES = YES;
				CLANG_WARN_SUSPICIOUS_MOVE = YES;
				CLANG_WARN_UNGUARDED_AVAILABILITY = YES_AGGRESSIVE;
				CLANG_WARN_UNREACHABLE_CODE = YES;
				CLANG_WARN__DUPLICATE_METHOD_MATCH = YES;
				COPY_PHASE_STRIP = NO;
				DEBUG_INFORMATION_FORMAT = "dwarf-with-dsym";
				ENABLE_NS_ASSERTIONS = NO;
				ENABLE_STRICT_OBJC_MSGSEND = YES;
				GCC_C_LANGUAGE_STANDARD = gnu11;
				GCC_NO_COMMON_BLOCKS = YES;
				GCC_WARN_64_TO_32_BIT_CONVERSION = YES;
				GCC_WARN_ABOUT_RETURN_TYPE = YES_ERROR;
				GCC_WARN_UNDECLARED_SELECTOR = YES;
				GCC_WARN_UNINITIALIZED_AUTOS = YES_AGGRESSIVE;
				GCC_WARN_UNUSED_FUNCTION = YES;
				GCC_WARN_UNUSED_VARIABLE = YES;
				IPHONEOS_DEPLOYMENT_TARGET = 14.4;
				MTL_ENABLE_DEBUG_INFO = NO;
				MTL_FAST_MATH = YES;
				SDKROOT = iphoneos;
				SWIFT_COMPILATION_MODE = wholemodule;
				SWIFT_OPTIMIZATION_LEVEL = "-O";
				VALIDATE_PRODUCT = YES;
			};
			name = Release;
		};
		8D6021C026415CEB008F7D7A /* Debug */ = {
			isa = XCBuildConfiguration;
			buildSettings = {
				ASSETCATALOG_COMPILER_APPICON_NAME = AppIcon;
				ASSETCATALOG_COMPILER_GLOBAL_ACCENT_COLOR_NAME = AccentColor;
				CODE_SIGN_STYLE = Automatic;
				DEVELOPMENT_ASSET_PATHS = "\"NearMe/Preview Content\"";
				DEVELOPMENT_TEAM = 9YPR25V7Z8;
				ENABLE_PREVIEWS = YES;
				INFOPLIST_FILE = NearMe/Info.plist;
				IPHONEOS_DEPLOYMENT_TARGET = 14.0;
				LD_RUNPATH_SEARCH_PATHS = (
					"$(inherited)",
					"@executable_path/Frameworks",
				);
				PRODUCT_BUNDLE_IDENTIFIER = Mjb.NearMe;
				PRODUCT_NAME = "$(TARGET_NAME)";
				SWIFT_VERSION = 5.0;
				TARGETED_DEVICE_FAMILY = "1,2";
			};
			name = Debug;
		};
		8D6021C126415CEB008F7D7A /* Release */ = {
			isa = XCBuildConfiguration;
			buildSettings = {
				ASSETCATALOG_COMPILER_APPICON_NAME = AppIcon;
				ASSETCATALOG_COMPILER_GLOBAL_ACCENT_COLOR_NAME = AccentColor;
				CODE_SIGN_STYLE = Automatic;
				DEVELOPMENT_ASSET_PATHS = "\"NearMe/Preview Content\"";
				DEVELOPMENT_TEAM = 9YPR25V7Z8;
				ENABLE_PREVIEWS = YES;
				INFOPLIST_FILE = NearMe/Info.plist;
				IPHONEOS_DEPLOYMENT_TARGET = 14.0;
				LD_RUNPATH_SEARCH_PATHS = (
					"$(inherited)",
					"@executable_path/Frameworks",
				);
				PRODUCT_BUNDLE_IDENTIFIER = Mjb.NearMe;
				PRODUCT_NAME = "$(TARGET_NAME)";
				SWIFT_VERSION = 5.0;
				TARGETED_DEVICE_FAMILY = "1,2";
			};
			name = Release;
		};
		8D6021C326415CEB008F7D7A /* Debug */ = {
			isa = XCBuildConfiguration;
			buildSettings = {
				ALWAYS_EMBED_SWIFT_STANDARD_LIBRARIES = YES;
				BUNDLE_LOADER = "$(TEST_HOST)";
				CODE_SIGN_STYLE = Automatic;
				DEVELOPMENT_TEAM = 9YPR25V7Z8;
				INFOPLIST_FILE = NearMeTests/Info.plist;
				IPHONEOS_DEPLOYMENT_TARGET = 14.0;
				LD_RUNPATH_SEARCH_PATHS = (
					"$(inherited)",
					"@executable_path/Frameworks",
					"@loader_path/Frameworks",
				);
				PRODUCT_BUNDLE_IDENTIFIER = Mjb.NearMeTests;
				PRODUCT_NAME = "$(TARGET_NAME)";
				SWIFT_VERSION = 5.0;
				TARGETED_DEVICE_FAMILY = "1,2";
				TEST_HOST = "$(BUILT_PRODUCTS_DIR)/NearMe.app/NearMe";
			};
			name = Debug;
		};
		8D6021C426415CEB008F7D7A /* Release */ = {
			isa = XCBuildConfiguration;
			buildSettings = {
				ALWAYS_EMBED_SWIFT_STANDARD_LIBRARIES = YES;
				BUNDLE_LOADER = "$(TEST_HOST)";
				CODE_SIGN_STYLE = Automatic;
				DEVELOPMENT_TEAM = 9YPR25V7Z8;
				INFOPLIST_FILE = NearMeTests/Info.plist;
				IPHONEOS_DEPLOYMENT_TARGET = 14.0;
				LD_RUNPATH_SEARCH_PATHS = (
					"$(inherited)",
					"@executable_path/Frameworks",
					"@loader_path/Frameworks",
				);
				PRODUCT_BUNDLE_IDENTIFIER = Mjb.NearMeTests;
				PRODUCT_NAME = "$(TARGET_NAME)";
				SWIFT_VERSION = 5.0;
				TARGETED_DEVICE_FAMILY = "1,2";
				TEST_HOST = "$(BUILT_PRODUCTS_DIR)/NearMe.app/NearMe";
			};
			name = Release;
		};
		8D6021C626415CEB008F7D7A /* Debug */ = {
			isa = XCBuildConfiguration;
			buildSettings = {
				ALWAYS_EMBED_SWIFT_STANDARD_LIBRARIES = YES;
				CODE_SIGN_STYLE = Automatic;
				DEVELOPMENT_TEAM = 9YPR25V7Z8;
				INFOPLIST_FILE = NearMeUITests/Info.plist;
				LD_RUNPATH_SEARCH_PATHS = (
					"$(inherited)",
					"@executable_path/Frameworks",
					"@loader_path/Frameworks",
				);
				PRODUCT_BUNDLE_IDENTIFIER = Mjb.NearMeUITests;
				PRODUCT_NAME = "$(TARGET_NAME)";
				SWIFT_VERSION = 5.0;
				TARGETED_DEVICE_FAMILY = "1,2";
				TEST_TARGET_NAME = NearMe;
			};
			name = Debug;
		};
		8D6021C726415CEB008F7D7A /* Release */ = {
			isa = XCBuildConfiguration;
			buildSettings = {
				ALWAYS_EMBED_SWIFT_STANDARD_LIBRARIES = YES;
				CODE_SIGN_STYLE = Automatic;
				DEVELOPMENT_TEAM = 9YPR25V7Z8;
				INFOPLIST_FILE = NearMeUITests/Info.plist;
				LD_RUNPATH_SEARCH_PATHS = (
					"$(inherited)",
					"@executable_path/Frameworks",
					"@loader_path/Frameworks",
				);
				PRODUCT_BUNDLE_IDENTIFIER = Mjb.NearMeUITests;
				PRODUCT_NAME = "$(TARGET_NAME)";
				SWIFT_VERSION = 5.0;
				TARGETED_DEVICE_FAMILY = "1,2";
				TEST_TARGET_NAME = NearMe;
			};
			name = Release;
		};
/* End XCBuildConfiguration section */

/* Begin XCConfigurationList section */
		8D60219526415CE6008F7D7A /* Build configuration list for PBXProject "NearMe" */ = {
			isa = XCConfigurationList;
			buildConfigurations = (
				8D6021BD26415CEB008F7D7A /* Debug */,
				8D6021BE26415CEB008F7D7A /* Release */,
			);
			defaultConfigurationIsVisible = 0;
			defaultConfigurationName = Release;
		};
		8D6021BF26415CEB008F7D7A /* Build configuration list for PBXNativeTarget "NearMe" */ = {
			isa = XCConfigurationList;
			buildConfigurations = (
				8D6021C026415CEB008F7D7A /* Debug */,
				8D6021C126415CEB008F7D7A /* Release */,
			);
			defaultConfigurationIsVisible = 0;
			defaultConfigurationName = Release;
		};
		8D6021C226415CEB008F7D7A /* Build configuration list for PBXNativeTarget "NearMeTests" */ = {
			isa = XCConfigurationList;
			buildConfigurations = (
				8D6021C326415CEB008F7D7A /* Debug */,
				8D6021C426415CEB008F7D7A /* Release */,
			);
			defaultConfigurationIsVisible = 0;
			defaultConfigurationName = Release;
		};
		8D6021C526415CEB008F7D7A /* Build configuration list for PBXNativeTarget "NearMeUITests" */ = {
			isa = XCConfigurationList;
			buildConfigurations = (
				8D6021C626415CEB008F7D7A /* Debug */,
				8D6021C726415CEB008F7D7A /* Release */,
			);
			defaultConfigurationIsVisible = 0;
			defaultConfigurationName = Release;
		};
/* End XCConfigurationList section */
	};
	rootObject = 8D60219226415CE6008F7D7A /* Project object */;
}
